# generated by rye
# use `rye lock` or `rye sync` to update this lockfile
#
# last locked with the following flags:
#   pre: false
#   features: []
#   all-features: false
#   with-sources: false

attrs==23.2.0
    # via cattrs
    # via lsprotocol
cattrs==23.2.3
    # via lsprotocol
    # via python-lsp-ruff
docstring-to-markdown==0.15
    # via python-lsp-server
jedi==0.19.1
    # via python-lsp-server
lsprotocol==2023.0.1
    # via python-lsp-ruff
nodeenv==1.8.0
    # via pyright
parso==0.8.3
    # via jedi
pluggy==1.4.0
    # via python-lsp-server
pyright==1.1.354
python-lsp-jsonrpc==1.1.2
    # via python-lsp-server
python-lsp-ruff==2.2.0
python-lsp-server==1.10.1
    # via python-lsp-ruff
ruff==0.3.3
    # via python-lsp-ruff
setuptools==69.2.0
    # via nodeenv
ujson==5.9.0
    # via python-lsp-jsonrpc
    # via python-lsp-server
