# generated by rye
# use `rye lock` or `rye sync` to update this lockfile
#
# last locked with the following flags:
#   pre: false
#   features: []
#   all-features: false
#   with-sources: false

attrs==23.2.0
    # via cattrs
    # via lsprotocol
cattrs==23.2.3
    # via lsprotocol
    # via pygls
    # via python-lsp-ruff
docstring-to-markdown==0.15
    # via python-lsp-server
jedi==0.19.1
    # via python-lsp-server
lsprotocol==2023.0.1
    # via pygls
    # via python-lsp-ruff
    # via ruff-lsp
nodeenv==1.8.0
    # via pyright
packaging==24.0
    # via ruff-lsp
parso==0.8.4
    # via jedi
pluggy==1.5.0
    # via python-lsp-server
pygls==1.3.1
    # via ruff-lsp
pylyzer==0.0.54
pyright==1.1.363
python-lsp-jsonrpc==1.1.2
    # via python-lsp-server
python-lsp-ruff==2.2.1
python-lsp-server==1.11.0
    # via python-lsp-ruff
ruff==0.4.4
    # via python-lsp-ruff
    # via ruff-lsp
ruff-lsp==0.0.53
setuptools==69.5.1
    # via nodeenv
typing-extensions==4.11.0
    # via ruff-lsp
ujson==5.10.0
    # via python-lsp-jsonrpc
    # via python-lsp-server
