# generated by rye
# use `rye lock` or `rye sync` to update this lockfile
#
# last locked with the following flags:
#   pre: false
#   features: []
#   all-features: false
#   with-sources: false
#   generate-hashes: false
#   universal: false

basedpyright==1.29.1
nodejs-wheel-binaries==22.15.1
    # via basedpyright
ruff==0.11.10
tombi==0.4.33
