version = 1
revision = 2
requires-python = ">=3.13"

[[package]]
name = "basedpyright"
version = "1.31.0"
source = { registry = "https://pypi.org/simple" }
dependencies = [
    { name = "nodejs-wheel-binaries" },
]
sdist = { url = "https://files.pythonhosted.org/packages/20/23/6dc0df43c62fdec401b1ec3aea698ba50c5abfca25259e9f0208b34d7abe/basedpyright-1.31.0.tar.gz", hash = "sha256:900a573a525a0f66f884075c2a98711bb9478e44dc60ffdf182ef681bf8e2c76", size = 22062384, upload-time = "2025-07-16T11:37:29.189Z" }
wheels = [
    { url = "https://files.pythonhosted.org/packages/5a/85/cb46707458c514ae959fe139135d8f7231d95faf1c383a56979a3436b965/basedpyright-1.31.0-py3-none-any.whl", hash = "sha256:d7460ddcd3a2332b1c3fd738735d18bf2966d49aed67237efa1f19635199d414", size = 11538999, upload-time = "2025-07-16T11:37:26.446Z" },
]

[[package]]
name = "nodejs-wheel-binaries"
version = "22.17.0"
source = { registry = "https://pypi.org/simple" }
sdist = { url = "https://files.pythonhosted.org/packages/d3/86/8962d1d24ff480f4dd31871f42c8e0d8e2c851cd558a07ee689261d310ab/nodejs_wheel_binaries-22.17.0.tar.gz", hash = "sha256:529142012fb8fd20817ef70e2ef456274df4f49933292e312c8bbc7285af6408", size = 8068, upload-time = "2025-06-29T20:24:25.002Z" }
wheels = [
    { url = "https://files.pythonhosted.org/packages/5d/53/b942c6da4ff6f87a315033f6ff6fed8fd3c22047d7ff5802badaa5dfc2c2/nodejs_wheel_binaries-22.17.0-py2.py3-none-macosx_11_0_arm64.whl", hash = "sha256:6545a6f6d2f736d9c9e2eaad7e599b6b5b2d8fd4cbd2a1df0807cbcf51b9d39b", size = 51003554, upload-time = "2025-06-29T20:23:47.042Z" },
    { url = "https://files.pythonhosted.org/packages/e2/b7/7184a9ad2364912da22f2fe021dc4a3301721131ef7759aeb4a1f19db0b4/nodejs_wheel_binaries-22.17.0-py2.py3-none-macosx_11_0_x86_64.whl", hash = "sha256:4bea5b994dd87c20f8260031ea69a97c3d282e2d4472cc8908636a313a830d00", size = 51936848, upload-time = "2025-06-29T20:23:52.064Z" },
    { url = "https://files.pythonhosted.org/packages/e9/7a/0ea425147b8110b8fd65a6c21cfd3bd130cdec7766604361429ef870d799/nodejs_wheel_binaries-22.17.0-py2.py3-none-manylinux_2_17_aarch64.manylinux2014_aarch64.whl", hash = "sha256:885508615274a22499dd5314759c1cf96ba72de03e6485d73b3e5475e7f12662", size = 57925230, upload-time = "2025-06-29T20:23:56.81Z" },
    { url = "https://files.pythonhosted.org/packages/23/5f/10a3f2ac08a839d065d9ccfd6d9df66bc46e100eaf87a8a5cf149eb3fb8e/nodejs_wheel_binaries-22.17.0-py2.py3-none-manylinux_2_17_x86_64.manylinux2014_x86_64.whl", hash = "sha256:90f38ce034a602bcab534d55cbe0390521e73e5dcffdd1c4b34354b932172af2", size = 58457829, upload-time = "2025-06-29T20:24:01.945Z" },
    { url = "https://files.pythonhosted.org/packages/ed/a4/d2ca331e16eef0974eb53702df603c54f77b2a7e2007523ecdbf6cf61162/nodejs_wheel_binaries-22.17.0-py2.py3-none-musllinux_1_2_aarch64.whl", hash = "sha256:5eed087855b644c87001fe04036213193963ccd65e7f89949e9dbe28e7743d9b", size = 59778054, upload-time = "2025-06-29T20:24:07.14Z" },
    { url = "https://files.pythonhosted.org/packages/be/2b/04e0e7f7305fe2ba30fd4610bfb432516e0f65379fe6c2902f4b7b1ad436/nodejs_wheel_binaries-22.17.0-py2.py3-none-musllinux_1_2_x86_64.whl", hash = "sha256:715f413c81500f0770ea8936ef1fc2529b900da8054cbf6da67cec3ee308dc76", size = 60830079, upload-time = "2025-06-29T20:24:12.21Z" },
    { url = "https://files.pythonhosted.org/packages/ce/67/12070b24b88040c2d694883f3dcb067052f748798f4c63f7c865769a5747/nodejs_wheel_binaries-22.17.0-py2.py3-none-win_amd64.whl", hash = "sha256:51165630493c8dd4acfe1cae1684b76940c9b03f7f355597d55e2d056a572ddd", size = 40117877, upload-time = "2025-06-29T20:24:17.51Z" },
    { url = "https://files.pythonhosted.org/packages/2e/ec/53ac46af423527c23e40c7343189f2bce08a8337efedef4d8a33392cee23/nodejs_wheel_binaries-22.17.0-py2.py3-none-win_arm64.whl", hash = "sha256:fae56d172227671fccb04461d3cd2b26a945c6c7c7fc29edb8618876a39d8b4a", size = 38865278, upload-time = "2025-06-29T20:24:21.065Z" },
]

[[package]]
name = "python-tools"
version = "0.1.0"
source = { virtual = "." }
dependencies = [
    { name = "basedpyright" },
    { name = "ruff" },
    { name = "tombi" },
]

[package.metadata]
requires-dist = [
    { name = "basedpyright", specifier = ">=1.12.2" },
    { name = "ruff", specifier = ">=0.3.2" },
    { name = "tombi", specifier = ">=0.3.61" },
]

[[package]]
name = "ruff"
version = "0.12.4"
source = { registry = "https://pypi.org/simple" }
sdist = { url = "https://files.pythonhosted.org/packages/9b/ce/8d7dbedede481245b489b769d27e2934730791a9a82765cb94566c6e6abd/ruff-0.12.4.tar.gz", hash = "sha256:13efa16df6c6eeb7d0f091abae50f58e9522f3843edb40d56ad52a5a4a4b6873", size = 5131435, upload-time = "2025-07-17T17:27:19.138Z" }
wheels = [
    { url = "https://files.pythonhosted.org/packages/ae/9f/517bc5f61bad205b7f36684ffa5415c013862dee02f55f38a217bdbe7aa4/ruff-0.12.4-py3-none-linux_armv6l.whl", hash = "sha256:cb0d261dac457ab939aeb247e804125a5d521b21adf27e721895b0d3f83a0d0a", size = 10188824, upload-time = "2025-07-17T17:26:31.412Z" },
    { url = "https://files.pythonhosted.org/packages/28/83/691baae5a11fbbde91df01c565c650fd17b0eabed259e8b7563de17c6529/ruff-0.12.4-py3-none-macosx_10_12_x86_64.whl", hash = "sha256:55c0f4ca9769408d9b9bac530c30d3e66490bd2beb2d3dae3e4128a1f05c7442", size = 10884521, upload-time = "2025-07-17T17:26:35.084Z" },
    { url = "https://files.pythonhosted.org/packages/d6/8d/756d780ff4076e6dd035d058fa220345f8c458391f7edfb1c10731eedc75/ruff-0.12.4-py3-none-macosx_11_0_arm64.whl", hash = "sha256:a8224cc3722c9ad9044da7f89c4c1ec452aef2cfe3904365025dd2f51daeae0e", size = 10277653, upload-time = "2025-07-17T17:26:37.897Z" },
    { url = "https://files.pythonhosted.org/packages/8d/97/8eeee0f48ece153206dce730fc9e0e0ca54fd7f261bb3d99c0a4343a1892/ruff-0.12.4-py3-none-manylinux_2_17_aarch64.manylinux2014_aarch64.whl", hash = "sha256:e9949d01d64fa3672449a51ddb5d7548b33e130240ad418884ee6efa7a229586", size = 10485993, upload-time = "2025-07-17T17:26:40.68Z" },
    { url = "https://files.pythonhosted.org/packages/49/b8/22a43d23a1f68df9b88f952616c8508ea6ce4ed4f15353b8168c48b2d7e7/ruff-0.12.4-py3-none-manylinux_2_17_armv7l.manylinux2014_armv7l.whl", hash = "sha256:be0593c69df9ad1465e8a2d10e3defd111fdb62dcd5be23ae2c06da77e8fcffb", size = 10022824, upload-time = "2025-07-17T17:26:43.564Z" },
    { url = "https://files.pythonhosted.org/packages/cd/70/37c234c220366993e8cffcbd6cadbf332bfc848cbd6f45b02bade17e0149/ruff-0.12.4-py3-none-manylinux_2_17_i686.manylinux2014_i686.whl", hash = "sha256:a7dea966bcb55d4ecc4cc3270bccb6f87a337326c9dcd3c07d5b97000dbff41c", size = 11524414, upload-time = "2025-07-17T17:26:46.219Z" },
    { url = "https://files.pythonhosted.org/packages/14/77/c30f9964f481b5e0e29dd6a1fae1f769ac3fd468eb76fdd5661936edd262/ruff-0.12.4-py3-none-manylinux_2_17_ppc64.manylinux2014_ppc64.whl", hash = "sha256:afcfa3ab5ab5dd0e1c39bf286d829e042a15e966b3726eea79528e2e24d8371a", size = 12419216, upload-time = "2025-07-17T17:26:48.883Z" },
    { url = "https://files.pythonhosted.org/packages/6e/79/af7fe0a4202dce4ef62c5e33fecbed07f0178f5b4dd9c0d2fcff5ab4a47c/ruff-0.12.4-py3-none-manylinux_2_17_ppc64le.manylinux2014_ppc64le.whl", hash = "sha256:c057ce464b1413c926cdb203a0f858cd52f3e73dcb3270a3318d1630f6395bb3", size = 11976756, upload-time = "2025-07-17T17:26:51.754Z" },
    { url = "https://files.pythonhosted.org/packages/09/d1/33fb1fc00e20a939c305dbe2f80df7c28ba9193f7a85470b982815a2dc6a/ruff-0.12.4-py3-none-manylinux_2_17_s390x.manylinux2014_s390x.whl", hash = "sha256:e64b90d1122dc2713330350626b10d60818930819623abbb56535c6466cce045", size = 11020019, upload-time = "2025-07-17T17:26:54.265Z" },
    { url = "https://files.pythonhosted.org/packages/64/f4/e3cd7f7bda646526f09693e2e02bd83d85fff8a8222c52cf9681c0d30843/ruff-0.12.4-py3-none-manylinux_2_17_x86_64.manylinux2014_x86_64.whl", hash = "sha256:2abc48f3d9667fdc74022380b5c745873499ff827393a636f7a59da1515e7c57", size = 11277890, upload-time = "2025-07-17T17:26:56.914Z" },
    { url = "https://files.pythonhosted.org/packages/5e/d0/69a85fb8b94501ff1a4f95b7591505e8983f38823da6941eb5b6badb1e3a/ruff-0.12.4-py3-none-musllinux_1_2_aarch64.whl", hash = "sha256:2b2449dc0c138d877d629bea151bee8c0ae3b8e9c43f5fcaafcd0c0d0726b184", size = 10348539, upload-time = "2025-07-17T17:26:59.381Z" },
    { url = "https://files.pythonhosted.org/packages/16/a0/91372d1cb1678f7d42d4893b88c252b01ff1dffcad09ae0c51aa2542275f/ruff-0.12.4-py3-none-musllinux_1_2_armv7l.whl", hash = "sha256:56e45bb11f625db55f9b70477062e6a1a04d53628eda7784dce6e0f55fd549eb", size = 10009579, upload-time = "2025-07-17T17:27:02.462Z" },
    { url = "https://files.pythonhosted.org/packages/23/1b/c4a833e3114d2cc0f677e58f1df6c3b20f62328dbfa710b87a1636a5e8eb/ruff-0.12.4-py3-none-musllinux_1_2_i686.whl", hash = "sha256:478fccdb82ca148a98a9ff43658944f7ab5ec41c3c49d77cd99d44da019371a1", size = 10942982, upload-time = "2025-07-17T17:27:05.343Z" },
    { url = "https://files.pythonhosted.org/packages/ff/ce/ce85e445cf0a5dd8842f2f0c6f0018eedb164a92bdf3eda51984ffd4d989/ruff-0.12.4-py3-none-musllinux_1_2_x86_64.whl", hash = "sha256:0fc426bec2e4e5f4c4f182b9d2ce6a75c85ba9bcdbe5c6f2a74fcb8df437df4b", size = 11343331, upload-time = "2025-07-17T17:27:08.652Z" },
    { url = "https://files.pythonhosted.org/packages/35/cf/441b7fc58368455233cfb5b77206c849b6dfb48b23de532adcc2e50ccc06/ruff-0.12.4-py3-none-win32.whl", hash = "sha256:4de27977827893cdfb1211d42d84bc180fceb7b72471104671c59be37041cf93", size = 10267904, upload-time = "2025-07-17T17:27:11.814Z" },
    { url = "https://files.pythonhosted.org/packages/ce/7e/20af4a0df5e1299e7368d5ea4350412226afb03d95507faae94c80f00afd/ruff-0.12.4-py3-none-win_amd64.whl", hash = "sha256:fe0b9e9eb23736b453143d72d2ceca5db323963330d5b7859d60d101147d461a", size = 11209038, upload-time = "2025-07-17T17:27:14.417Z" },
    { url = "https://files.pythonhosted.org/packages/11/02/8857d0dfb8f44ef299a5dfd898f673edefb71e3b533b3b9d2db4c832dd13/ruff-0.12.4-py3-none-win_arm64.whl", hash = "sha256:0618ec4442a83ab545e5b71202a5c0ed7791e8471435b94e655b570a5031a98e", size = 10469336, upload-time = "2025-07-17T17:27:16.913Z" },
]

[[package]]
name = "tombi"
version = "0.4.33"
source = { registry = "https://pypi.org/simple" }
sdist = { url = "https://files.pythonhosted.org/packages/e6/6e/6c2af513f61a8e59fe6e921cc986d4e0d29055c7fbd7634a01d9c9d5f9b5/tombi-0.4.33.tar.gz", hash = "sha256:fb247e8e2f36d4ccc6c7d7e8aa76fb57a5a827990ff309c894172fcc6bacd49e", size = 344301, upload-time = "2025-07-15T16:26:45.134Z" }
wheels = [
    { url = "https://files.pythonhosted.org/packages/36/4d/f559ae72b653e9f99e408fa466c700e4f053c28ff0a9a74a42353cd66f7d/tombi-0.4.33-py3-none-macosx_10_12_x86_64.whl", hash = "sha256:c3c21e50d30e76d2c7017ad5b8870c16b02ad69e062925061b3fd0bbb00d62be", size = 6415558, upload-time = "2025-07-15T16:26:32.688Z" },
    { url = "https://files.pythonhosted.org/packages/da/3e/6d5302d31c30c65451c0d0ff9eca0c523a812c4b539e8c214bb70b402d57/tombi-0.4.33-py3-none-macosx_11_0_arm64.whl", hash = "sha256:ad675ebf2212719029284f8492b77f0b3afa35dc121e987905fdf33d9bbc0dc3", size = 6147664, upload-time = "2025-07-15T16:26:29.442Z" },
    { url = "https://files.pythonhosted.org/packages/9c/d0/53fe472225bab1367e1cebf21ac9d8c499dca60fc6068c3bc203a1aae7e5/tombi-0.4.33-py3-none-manylinux_2_17_armv7l.manylinux2014_armv7l.whl", hash = "sha256:767825f4792f5492bfa7be8980577e218a171955b647bd59a1cf3585861c14c5", size = 6338333, upload-time = "2025-07-15T16:26:14.892Z" },
    { url = "https://files.pythonhosted.org/packages/26/4c/b7da4c593849431bd59a7c7f86a3b178c5d8770c9cd28ca6c23c94b58178/tombi-0.4.33-py3-none-manylinux_2_17_i686.manylinux2014_i686.whl", hash = "sha256:777a8c845f354c9ff68bbf3d50c063f45c70926d9737ecd8b7eadcad222c3356", size = 7078986, upload-time = "2025-07-15T16:26:23.604Z" },
    { url = "https://files.pythonhosted.org/packages/40/1b/8bbfc78ea9ab3df6d9041a255b7ebe53c267d6c51349efd1514c6672179a/tombi-0.4.33-py3-none-manylinux_2_17_ppc64le.manylinux2014_ppc64le.whl", hash = "sha256:b70a3c70f2b937cfb5563e679eb74c36a7e355603b79c184a593dc7e3efa6ad5", size = 7346167, upload-time = "2025-07-15T16:26:16.962Z" },
    { url = "https://files.pythonhosted.org/packages/a5/d7/03eee444d41afa2aa04698d0f06c076749e016077b97c4fb315cb5e88f5d/tombi-0.4.33-py3-none-manylinux_2_17_s390x.manylinux2014_s390x.whl", hash = "sha256:edbd7c381d009af1716d11401e5cbd41e958d4364445ad488e489ad28058e7df", size = 6574689, upload-time = "2025-07-15T16:26:20.674Z" },
    { url = "https://files.pythonhosted.org/packages/cb/8c/db1ad4b301de025699a82ff355271998b7db26b3c189e6fb05e4eb38d7a9/tombi-0.4.33-py3-none-manylinux_2_17_x86_64.manylinux2014_x86_64.whl", hash = "sha256:38d67137341eef129c370a55bb77afd1e200d9752a8c4c0e4810dbcba6d310c2", size = 6799943, upload-time = "2025-07-15T16:26:26.639Z" },
    { url = "https://files.pythonhosted.org/packages/d5/45/ad806c5e3a5797f5596f0037e74c023d8f39edc69e44d1e19399a6149371/tombi-0.4.33-py3-none-manylinux_2_28_aarch64.whl", hash = "sha256:0b2ff454841006cd2cebc0b0e86b12236cd2a9eaca7347196fd104b83dced4cc", size = 6543205, upload-time = "2025-07-15T16:26:11.422Z" },
    { url = "https://files.pythonhosted.org/packages/4a/82/fe68fa17bbf642701ca289b221d184cdf7a25322c0211ab51360765caee7/tombi-0.4.33-py3-none-musllinux_1_2_aarch64.whl", hash = "sha256:20422e008734e1452d882579c91cf5b7eb5d010e547194025b3b33161dcf3160", size = 6520953, upload-time = "2025-07-15T16:26:35.449Z" },
    { url = "https://files.pythonhosted.org/packages/46/f4/c53a014fbd842970ec10ffab0328fbc9656dcce221533b4706abe3463b8a/tombi-0.4.33-py3-none-musllinux_1_2_armv7l.whl", hash = "sha256:da675421f898d58eee2c3fa10f753bd3af667c958ad947d60e415ce1bd93b02d", size = 6363667, upload-time = "2025-07-15T16:26:37.752Z" },
    { url = "https://files.pythonhosted.org/packages/ac/e1/e17e305a46e1156e81eb3ec82bcffecf35c2d1fb4ff49dcbc18ef229f4dd/tombi-0.4.33-py3-none-musllinux_1_2_i686.whl", hash = "sha256:13ab36a7db4ee95e456de7c34d89f7185c7dbe0bcf95f95c4ac1abe8d0a1c4cf", size = 6714140, upload-time = "2025-07-15T16:26:41.493Z" },
    { url = "https://files.pythonhosted.org/packages/10/e7/a9d726933f76c52686ef2547f21e9733f8311688095bc2ceabe778b0680e/tombi-0.4.33-py3-none-musllinux_1_2_x86_64.whl", hash = "sha256:1d462342598a3cf9f906944c84ea850eaa55deea57d26bfeee46249505bc9f90", size = 6880803, upload-time = "2025-07-15T16:26:43.655Z" },
    { url = "https://files.pythonhosted.org/packages/65/3f/aac2a7541641f6b41ece18deb739bbb2c6091f9a20def8ada69864a15645/tombi-0.4.33-py3-none-win32.whl", hash = "sha256:0e316aeb5217460d7de8fcd39d4d1ad5d8381bf730f38ba42361b340a36f769c", size = 4934557, upload-time = "2025-07-15T16:26:48.836Z" },
    { url = "https://files.pythonhosted.org/packages/1b/21/404f58681fc67e4be147f1aa236cc03234cba3e72c9acd6bb5e42250cd75/tombi-0.4.33-py3-none-win_amd64.whl", hash = "sha256:162530070718389042b807d473d60ea9941801c3aeb1d96bc981476397428a6e", size = 5709298, upload-time = "2025-07-15T16:26:46.608Z" },
]
